// !$*UTF8*$!
{
	archiveVersion = 1;
	classes = {
	};
	objectVersion = 46;
	objects = {

/* Begin PBXBuildFile section */
		B26633A21AA5B755002C614E /* AppDelegate.swift in Sources */ = {isa = PBXBuildFile; fileRef = B26633A11AA5B755002C614E /* AppDelegate.swift */; };
		B26633A41AA5B755002C614E /* ViewController.swift in Sources */ = {isa = PBXBuildFile; fileRef = B26633A31AA5B755002C614E /* ViewController.swift */; };
		B26633A71AA5B755002C614E /* Main.storyboard in Resources */ = {isa = PBXBuildFile; fileRef = B26633A51AA5B755002C614E /* Main.storyboard */; };
		B26633A91AA5B755002C614E /* Images.xcassets in Resources */ = {isa = PBXBuildFile; fileRef = B26633A81AA5B755002C614E /* Images.xcassets */; };
		B26633AC1AA5B755002C614E /* LaunchScreen.xib in Resources */ = {isa = PBXBuildFile; fileRef = B26633AA1AA5B755002C614E /* LaunchScreen.xib */; };
		B26633B81AA5B755002C614E /* MotionImageViewTests.swift in Sources */ = {isa = PBXBuildFile; fileRef = B26633B71AA5B755002C614E /* MotionImageViewTests.swift */; };
/* End PBXBuildFile section */

/* Begin PBXContainerItemProxy section */
		B26633B21AA5B755002C614E /* PBXContainerItemProxy */ = {
			isa = PBXContainerItemProxy;
			containerPortal = B26633941AA5B755002C614E /* Project object */;
			proxyType = 1;
			remoteGlobalIDString = B266339B1AA5B755002C614E;
			remoteInfo = MotionImageView;
		};
/* End PBXContainerItemProxy section */

/* Begin PBXFileReference section */
		B266339C1AA5B755002C614E /* MotionImageView.app */ = {isa = PBXFileReference; explicitFileType = wrapper.application; includeInIndex = 0; path = MotionImageView.app; sourceTree = BUILT_PRODUCTS_DIR; };
		B26633A01AA5B755002C614E /* Info.plist */ = {isa = PBXFileReference; lastKnownFileType = text.plist.xml; path = Info.plist; sourceTree = "<group>"; };
		B26633A11AA5B755002C614E /* AppDelegate.swift */ = {isa = PBXFileReference; lastKnownFileType = sourcecode.swift; path = AppDelegate.swift; sourceTree = "<group>"; };
		B26633A31AA5B755002C614E /* ViewController.swift */ = {isa = PBXFileReference; lastKnownFileType = sourcecode.swift; path = ViewController.swift; sourceTree = "<group>"; };
		B26633A61AA5B755002C614E /* Base */ = {isa = PBXFileReference; lastKnownFileType = file.storyboard; name = Base; path = Base.lproj/Main.storyboard; sourceTree = "<group>"; };
		B26633A81AA5B755002C614E /* Images.xcassets */ = {isa = PBXFileReference; lastKnownFileType = folder.assetcatalog; path = Images.xcassets; sourceTree = "<group>"; };
		B26633AB1AA5B755002C614E /* Base */ = {isa = PBXFileReference; lastKnownFileType = file.xib; name = Base; path = Base.lproj/LaunchScreen.xib; sourceTree = "<group>"; };
		B26633B11AA5B755002C614E /* MotionImageViewTests.xctest */ = {isa = PBXFileReference; explicitFileType = wrapper.cfbundle; includeInIndex = 0; path = MotionImageViewTests.xctest; sourceTree = BUILT_PRODUCTS_DIR; };
		B26633B61AA5B755002C614E /* Info.plist */ = {isa = PBXFileReference; lastKnownFileType = text.plist.xml; path = Info.plist; sourceTree = "<group>"; };
		B26633B71AA5B755002C614E /* MotionImageViewTests.swift */ = {isa = PBXFileReference; lastKnownFileType = sourcecode.swift; path = MotionImageViewTests.swift; sourceTree = "<group>"; };
/* End PBXFileReference section */

/* Begin PBXFrameworksBuildPhase section */
		B26633991AA5B755002C614E /* Frameworks */ = {
			isa = PBXFrameworksBuildPhase;
			buildActionMask = 2147483647;
			files = (
			);
			runOnlyForDeploymentPostprocessing = 0;
		};
		B26633AE1AA5B755002C614E /* Frameworks */ = {
			isa = PBXFrameworksBuildPhase;
			buildActionMask = 2147483647;
			files = (
			);
			runOnlyForDeploymentPostprocessing = 0;
		};
/* End PBXFrameworksBuildPhase section */

/* Begin PBXGroup section */
		B26633931AA5B755002C614E = {
			isa = PBXGroup;
			children = (
				B266339E1AA5B755002C614E /* MotionImageView */,
				B26633B41AA5B755002C614E /* MotionImageViewTests */,
				B266339D1AA5B755002C614E /* Products */,
			);
			sourceTree = "<group>";
		};
		B266339D1AA5B755002C614E /* Products */ = {
			isa = PBXGroup;
			children = (
				B266339C1AA5B755002C614E /* MotionImageView.app */,
				B26633B11AA5B755002C614E /* MotionImageViewTests.xctest */,
			);
			name = Products;
			sourceTree = "<group>";
		};
		B266339E1AA5B755002C614E /* MotionImageView */ = {
			isa = PBXGroup;
			children = (
				B26633A11AA5B755002C614E /* AppDelegate.swift */,
				B26633A31AA5B755002C614E /* ViewController.swift */,
				B26633A51AA5B755002C614E /* Main.storyboard */,
				B26633A81AA5B755002C614E /* Images.xcassets */,
				B26633AA1AA5B755002C614E /* LaunchScreen.xib */,
				B266339F1AA5B755002C614E /* Supporting Files */,
			);
			path = MotionImageView;
			sourceTree = "<group>";
		};
		B266339F1AA5B755002C614E /* Supporting Files */ = {
			isa = PBXGroup;
			children = (
				B26633A01AA5B755002C614E /* Info.plist */,
			);
			name = "Supporting Files";
			sourceTree = "<group>";
		};
		B26633B41AA5B755002C614E /* MotionImageViewTests */ = {
			isa = PBXGroup;
			children = (
				B26633B71AA5B755002C614E /* MotionImageViewTests.swift */,
				B26633B51AA5B755002C614E /* Supporting Files */,
			);
			path = MotionImageViewTests;
			sourceTree = "<group>";
		};
		B26633B51AA5B755002C614E /* Supporting Files */ = {
			isa = PBXGroup;
			children = (
				B26633B61AA5B755002C614E /* Info.plist */,
			);
			name = "Supporting Files";
			sourceTree = "<group>";
		};
/* End PBXGroup section */

/* Begin PBXNativeTarget section */
		B266339B1AA5B755002C614E /* MotionImageView */ = {
			isa = PBXNativeTarget;
			buildConfigurationList = B26633BB1AA5B755002C614E /* Build configuration list for PBXNativeTarget "MotionImageView" */;
			buildPhases = (
				B26633981AA5B755002C614E /* Sources */,
				B26633991AA5B755002C614E /* Frameworks */,
				B266339A1AA5B755002C614E /* Resources */,
			);
			buildRules = (
			);
			dependencies = (
			);
			name = MotionImageView;
			productName = MotionImageView;
			productReference = B266339C1AA5B755002C614E /* MotionImageView.app */;
			productType = "com.apple.product-type.application";
		};
		B26633B01AA5B755002C614E /* MotionImageViewTests */ = {
			isa = PBXNativeTarget;
			buildConfigurationList = B26633BE1AA5B755002C614E /* Build configuration list for PBXNativeTarget "MotionImageViewTests" */;
			buildPhases = (
				B26633AD1AA5B755002C614E /* Sources */,
				B26633AE1AA5B755002C614E /* Frameworks */,
				B26633AF1AA5B755002C614E /* Resources */,
			);
			buildRules = (
			);
			dependencies = (
				B26633B31AA5B755002C614E /* PBXTargetDependency */,
			);
			name = MotionImageViewTests;
			productName = MotionImageViewTests;
			productReference = B26633B11AA5B755002C614E /* MotionImageViewTests.xctest */;
			productType = "com.apple.product-type.bundle.unit-test";
		};
/* End PBXNativeTarget section */

/* Begin PBXProject section */
		B26633941AA5B755002C614E /* Project object */ = {
			isa = PBXProject;
			attributes = {
				LastUpgradeCheck = 0630;
				ORGANIZATIONNAME = "Cem Olcay";
				TargetAttributes = {
					B266339B1AA5B755002C614E = {
						CreatedOnToolsVersion = 6.3;
					};
					B26633B01AA5B755002C614E = {
						CreatedOnToolsVersion = 6.3;
						TestTargetID = B266339B1AA5B755002C614E;
					};
				};
			};
			buildConfigurationList = B26633971AA5B755002C614E /* Build configuration list for PBXProject "MotionImageView" */;
			compatibilityVersion = "Xcode 3.2";
			developmentRegion = English;
			hasScannedForEncodings = 0;
			knownRegions = (
				en,
				Base,
			);
			mainGroup = B26633931AA5B755002C614E;
			productRefGroup = B266339D1AA5B755002C614E /* Products */;
			projectDirPath = "";
			projectRoot = "";
			targets = (
				B266339B1AA5B755002C614E /* MotionImageView */,
				B26633B01AA5B755002C614E /* MotionImageViewTests */,
			);
		};
/* End PBXProject section */

/* Begin PBXResourcesBuildPhase section */
		B266339A1AA5B755002C614E /* Resources */ = {
			isa = PBXResourcesBuildPhase;
			buildActionMask = 2147483647;
			files = (
				B26633A71AA5B755002C614E /* Main.storyboard in Resources */,
				B26633AC1AA5B755002C614E /* LaunchScreen.xib in Resources */,
				B26633A91AA5B755002C614E /* Images.xcassets in Resources */,
			);
			runOnlyForDeploymentPostprocessing = 0;
		};
		B26633AF1AA5B755002C614E /* Resources */ = {
			isa = PBXResourcesBuildPhase;
			buildActionMask = 2147483647;
			files = (
			);
			runOnlyForDeploymentPostprocessing = 0;
		};
/* End PBXResourcesBuildPhase section */

/* Begin PBXSourcesBuildPhase section */
		B26633981AA5B755002C614E /* Sources */ = {
			isa = PBXSourcesBuildPhase;
			buildActionMask = 2147483647;
			files = (
				B26633A41AA5B755002C614E /* ViewController.swift in Sources */,
				B26633A21AA5B755002C614E /* AppDelegate.swift in Sources */,
			);
			runOnlyForDeploymentPostprocessing = 0;
		};
		B26633AD1AA5B755002C614E /* Sources */ = {
			isa = PBXSourcesBuildPhase;
			buildActionMask = 2147483647;
			files = (
				B26633B81AA5B755002C614E /* MotionImageViewTests.swift in Sources */,
			);
			runOnlyForDeploymentPostprocessing = 0;
		};
/* End PBXSourcesBuildPhase section */

/* Begin PBXTargetDependency section */
		B26633B31AA5B755002C614E /* PBXTargetDependency */ = {
			isa = PBXTargetDependency;
			target = B266339B1AA5B755002C614E /* MotionImageView */;
			targetProxy = B26633B21AA5B755002C614E /* PBXContainerItemProxy */;
		};
/* End PBXTargetDependency section */

/* Begin PBXVariantGroup section */
		B26633A51AA5B755002C614E /* Main.storyboard */ = {
			isa = PBXVariantGroup;
			children = (
				B26633A61AA5B755002C614E /* Base */,
			);
			name = Main.storyboard;
			sourceTree = "<group>";
		};
		B26633AA1AA5B755002C614E /* LaunchScreen.xib */ = {
			isa = PBXVariantGroup;
			children = (
				B26633AB1AA5B755002C614E /* Base */,
			);
			name = LaunchScreen.xib;
			sourceTree = "<group>";
		};
/* End PBXVariantGroup section */

/* Begin XCBuildConfiguration section */
		B26633B91AA5B755002C614E /* Debug */ = {
			isa = XCBuildConfiguration;
			buildSettings = {
				ALWAYS_SEARCH_USER_PATHS = NO;
				CLANG_CXX_LANGUAGE_STANDARD = "gnu++0x";
				CLANG_CXX_LIBRARY = "libc++";
				CLANG_ENABLE_MODULES = YES;
				CLANG_ENABLE_OBJC_ARC = YES;
				CLANG_WARN_BOOL_CONVERSION = YES;
				CLANG_WARN_CONSTANT_CONVERSION = YES;
				CLANG_WARN_DIRECT_OBJC_ISA_USAGE = YES_ERROR;
				CLANG_WARN_EMPTY_BODY = YES;
				CLANG_WARN_ENUM_CONVERSION = YES;
				CLANG_WARN_INT_CONVERSION = YES;
				CLANG_WARN_OBJC_ROOT_CLASS = YES_ERROR;
				CLANG_WARN_UNREACHABLE_CODE = YES;
				CLANG_WARN__DUPLICATE_METHOD_MATCH = YES;
				"CODE_SIGN_IDENTITY[sdk=iphoneos*]" = "iPhone Developer";
				COPY_PHASE_STRIP = NO;
				DEBUG_INFORMATION_FORMAT = dwarf;
				ENABLE_STRICT_OBJC_MSGSEND = YES;
				GCC_C_LANGUAGE_STANDARD = gnu99;
				GCC_DYNAMIC_NO_PIC = NO;
				GCC_OPTIMIZATION_LEVEL = 0;
				GCC_PREPROCESSOR_DEFINITIONS = (
					"DEBUG=1",
					"$(inherited)",
				);
				GCC_SYMBOLS_PRIVATE_EXTERN = NO;
				GCC_WARN_64_TO_32_BIT_CONVERSION = YES;
				GCC_WARN_ABOUT_RETURN_TYPE = YES_ERROR;
				GCC_WARN_UNDECLARED_SELECTOR = YES;
				GCC_WARN_UNINITIALIZED_AUTOS = YES_AGGRESSIVE;
				GCC_WARN_UNUSED_FUNCTION = YES;
				GCC_WARN_UNUSED_VARIABLE = YES;
				IPHONEOS_DEPLOYMENT_TARGET = 8.3;
				MTL_ENABLE_DEBUG_INFO = YES;
				ONLY_ACTIVE_ARCH = YES;
				SDKROOT = iphoneos;
				SWIFT_OPTIMIZATION_LEVEL = "-Onone";
				TARGETED_DEVICE_FAMILY = "1,2";
			};
			name = Debug;
		};
		B26633BA1AA5B755002C614E /* Release */ = {
			isa = XCBuildConfiguration;
			buildSettings = {
				ALWAYS_SEARCH_USER_PATHS = NO;
				CLANG_CXX_LANGUAGE_STANDARD = "gnu++0x";
				CLANG_CXX_LIBRARY = "libc++";
				CLANG_ENABLE_MODULES = YES;
				CLANG_ENABLE_OBJC_ARC = YES;
				CLANG_WARN_BOOL_CONVERSION = YES;
				CLANG_WARN_CONSTANT_CONVERSION = YES;
				CLANG_WARN_DIRECT_OBJC_ISA_USAGE = YES_ERROR;
				CLANG_WARN_EMPTY_BODY = YES;
				CLANG_WARN_ENUM_CONVERSION = YES;
				CLANG_WARN_INT_CONVERSION = YES;
				CLANG_WARN_OBJC_ROOT_CLASS = YES_ERROR;
				CLANG_WARN_UNREACHABLE_CODE = YES;
				CLANG_WARN__DUPLICATE_METHOD_MATCH = YES;
				"CODE_SIGN_IDENTITY[sdk=iphoneos*]" = "iPhone Developer";
				COPY_PHASE_STRIP = NO;
				DEBUG_INFORMATION_FORMAT = "dwarf-with-dsym";
				ENABLE_NS_ASSERTIONS = NO;
				ENABLE_STRICT_OBJC_MSGSEND = YES;
				GCC_C_LANGUAGE_STANDARD = gnu99;
				GCC_WARN_64_TO_32_BIT_CONVERSION = YES;
				GCC_WARN_ABOUT_RETURN_TYPE = YES_ERROR;
				GCC_WARN_UNDECLARED_SELECTOR = YES;
				GCC_WARN_UNINITIALIZED_AUTOS = YES_AGGRESSIVE;
				GCC_WARN_UNUSED_FUNCTION = YES;
				GCC_WARN_UNUSED_VARIABLE = YES;
				IPHONEOS_DEPLOYMENT_TARGET = 8.3;
				MTL_ENABLE_DEBUG_INFO = NO;
				SDKROOT = iphoneos;
				TARGETED_DEVICE_FAMILY = "1,2";
				VALIDATE_PRODUCT = YES;
			};
			name = Release;
		};
		B26633BC1AA5B755002C614E /* Debug */ = {
			isa = XCBuildConfiguration;
			buildSettings = {
				ASSETCATALOG_COMPILER_APPICON_NAME = AppIcon;
				INFOPLIST_FILE = MotionImageView/Info.plist;
				LD_RUNPATH_SEARCH_PATHS = "$(inherited) @executable_path/Frameworks";
				PRODUCT_NAME = "$(TARGET_NAME)";
			};
			name = Debug;
		};
		B26633BD1AA5B755002C614E /* Release */ = {
			isa = XCBuildConfiguration;
			buildSettings = {
				ASSETCATALOG_COMPILER_APPICON_NAME = AppIcon;
				INFOPLIST_FILE = MotionImageView/Info.plist;
				LD_RUNPATH_SEARCH_PATHS = "$(inherited) @executable_path/Frameworks";
				PRODUCT_NAME = "$(TARGET_NAME)";
			};
			name = Release;
		};
		B26633BF1AA5B755002C614E /* Debug */ = {
			isa = XCBuildConfiguration;
			buildSettings = {
				BUNDLE_LOADER = "$(TEST_HOST)";
				FRAMEWORK_SEARCH_PATHS = (
					"$(SDKROOT)/Developer/Library/Frameworks",
					"$(inherited)",
				);
				GCC_PREPROCESSOR_DEFINITIONS = (
					"DEBUG=1",
					"$(inherited)",
				);
				INFOPLIST_FILE = MotionImageViewTests/Info.plist;
				LD_RUNPATH_SEARCH_PATHS = "$(inherited) @executable_path/Frameworks @loader_path/Frameworks";
				PRODUCT_NAME = "$(TARGET_NAME)";
				TEST_HOST = "$(BUILT_PRODUCTS_DIR)/MotionImageView.app/MotionImageView";
			};
			name = Debug;
		};
		B26633C01AA5B755002C614E /* Release */ = {
			isa = XCBuildConfiguration;
			buildSettings = {
				BUNDLE_LOADER = "$(TEST_HOST)";
				FRAMEWORK_SEARCH_PATHS = (
					"$(SDKROOT)/Developer/Library/Frameworks",
					"$(inherited)",
				);
				INFOPLIST_FILE = MotionImageViewTests/Info.plist;
				LD_RUNPATH_SEARCH_PATHS = "$(inherited) @executable_path/Frameworks @loader_path/Frameworks";
				PRODUCT_NAME = "$(TARGET_NAME)";
				TEST_HOST = "$(BUILT_PRODUCTS_DIR)/MotionImageView.app/MotionImageView";
			};
			name = Release;
		};
/* End XCBuildConfiguration section */

/* Begin XCConfigurationList section */
		B26633971AA5B755002C614E /* Build configuration list for PBXProject "MotionImageView" */ = {
			isa = XCConfigurationList;
			buildConfigurations = (
				B26633B91AA5B755002C614E /* Debug */,
				B26633BA1AA5B755002C614E /* Release */,
			);
			defaultConfigurationIsVisible = 0;
			defaultConfigurationName = Release;
		};
		B26633BB1AA5B755002C614E /* Build configuration list for PBXNativeTarget "MotionImageView" */ = {
			isa = XCConfigurationList;
			buildConfigurations = (
				B26633BC1AA5B755002C614E /* Debug */,
				B26633BD1AA5B755002C614E /* Release */,
			);
			defaultConfigurationIsVisible = 0;
		};
		B26633BE1AA5B755002C614E /* Build configuration list for PBXNativeTarget "MotionImageViewTests" */ = {
			isa = XCConfigurationList;
			buildConfigurations = (
				B26633BF1AA5B755002C614E /* Debug */,
				B26633C01AA5B755002C614E /* Release */,
			);
			defaultConfigurationIsVisible = 0;
		};
/* End XCConfigurationList section */
	};
	rootObject = B26633941AA5B755002C614E /* Project object */;
}
